
Microsoft Visual Studio Solution File, Format Version 12.00
# Visual Studio Version 16
VisualStudioVersion = 16.0.29613.14
MinimumVisualStudioVersion = 10.0.40219.1
Project("{FAE04EC0-301F-11D3-BF4B-00C04F79EFBC}") = "BackgroundTasksASPNETCore", "BackgroundTasksASPNETCore.csproj", "{906118FB-FD9B-4CC6-8A9D-0DB2D5F4E85F}"
EndProject
Global
	GlobalSection(SolutionConfigurationPlatforms) = preSolution
		Debug|Any CPU = Debug|Any CPU
		Release|Any CPU = Release|Any CPU
	EndGlobalSection
	GlobalSection(ProjectConfigurationPlatforms) = postSolution
		{906118FB-FD9B-4CC6-8A9D-0DB2D5F4E85F}.Debug|Any CPU.ActiveCfg = Debug|Any CPU
		{906118FB-FD9B-4CC6-8A9D-0DB2D5F4E85F}.Debug|Any CPU.Build.0 = Debug|Any CPU
		{906118FB-FD9B-4CC6-8A9D-0DB2D5F4E85F}.Release|Any CPU.ActiveCfg = Release|Any CPU
		{906118FB-FD9B-4CC6-8A9D-0DB2D5F4E85F}.Release|Any CPU.Build.0 = Release|Any CPU
	EndGlobalSection
	GlobalSection(SolutionProperties) = preSolution
		HideSolutionNode = FALSE
	EndGlobalSection
	GlobalSection(ExtensibilityGlobals) = postSolution
		SolutionGuid = {A06286B9-DD09-414E-87A9-DAECFD36C8F2}
	EndGlobalSection
EndGlobal
